
Microsoft Visual Studio Solution File, Format Version 12.00
Project("{FAE04EC0-301F-11D3-BF4B-00C04F79EFBC}") = "TechJobBoardApp", "TechJobBoardApp\TechJobBoardApp.csproj", "{5A00432F-E005-48DB-BD7A-AB47B8F72F74}"
EndProject
Global
	GlobalSection(SolutionConfigurationPlatforms) = preSolution
		Debug|Any CPU = Debug|Any CPU
		Release|Any CPU = Release|Any CPU
	EndGlobalSection
	GlobalSection(ProjectConfigurationPlatforms) = postSolution
		{5A00432F-E005-48DB-BD7A-AB47B8F72F74}.Debug|Any CPU.ActiveCfg = Debug|Any CPU
		{5A00432F-E005-48DB-BD7A-AB47B8F72F74}.Debug|Any CPU.Build.0 = Debug|Any CPU
		{5A00432F-E005-48DB-BD7A-AB47B8F72F74}.Release|Any CPU.ActiveCfg = Release|Any CPU
		{5A00432F-E005-48DB-BD7A-AB47B8F72F74}.Release|Any CPU.Build.0 = Release|Any CPU
	EndGlobalSection
EndGlobal
